
Microsoft Visual Studio Solution File, Format Version 12.00
# Visual Studio Version 16
VisualStudioVersion = 16.0.29613.14
MinimumVisualStudioVersion = 10.0.40219.1
Project("{FAE04EC0-301F-11D3-BF4B-00C04F79EFBC}") = "CS_ASP_016", "CS_ASP_016.csproj", "{6DA1BCC3-037D-4495-9089-9A9E1DD8B065}"
EndProject
Global
	GlobalSection(SolutionConfigurationPlatforms) = preSolution
		Debug|Any CPU = Debug|Any CPU
		Release|Any CPU = Release|Any CPU
	EndGlobalSection
	GlobalSection(ProjectConfigurationPlatforms) = postSolution
		{6DA1BCC3-037D-4495-9089-9A9E1DD8B065}.Debug|Any CPU.ActiveCfg = Debug|Any CPU
		{6DA1BCC3-037D-4495-9089-9A9E1DD8B065}.Debug|Any CPU.Build.0 = Debug|Any CPU
		{6DA1BCC3-037D-4495-9089-9A9E1DD8B065}.Release|Any CPU.ActiveCfg = Release|Any CPU
		{6DA1BCC3-037D-4495-9089-9A9E1DD8B065}.Release|Any CPU.Build.0 = Release|Any CPU
	EndGlobalSection
	GlobalSection(SolutionProperties) = preSolution
		HideSolutionNode = FALSE
	EndGlobalSection
	GlobalSection(ExtensibilityGlobals) = postSolution
		SolutionGuid = {374D0D19-D75F-4475-B1A4-9358541425AD}
	EndGlobalSection
EndGlobal
